// !$*UTF8*$!
{
	archiveVersion = 1;
	classes = {
	};
	objectVersion = 56;
	objects = {

/* Begin PBXBuildFile section */
		8D9EBFCB299B5277000F5A4E /* SwiftCourseApp.swift in Sources */ = {isa = PBXBuildFile; fileRef = 8D9EBFCA299B5277000F5A4E /* SwiftCourseApp.swift */; };
		8D9EBFCD299B5277000F5A4E /* ContentView.swift in Sources */ = {isa = PBXBuildFile; fileRef = 8D9EBFCC299B5277000F5A4E /* ContentView.swift */; };
		8D9EBFCF299B5278000F5A4E /* Assets.xcassets in Resources */ = {isa = PBXBuildFile; fileRef = 8D9EBFCE299B5278000F5A4E /* Assets.xcassets */; };
		8D9EBFD2299B5278000F5A4E /* Preview Assets.xcassets in Resources */ = {isa = PBXBuildFile; fileRef = 8D9EBFD1299B5278000F5A4E /* Preview Assets.xcassets */; };
		8D9EBFDC299B5278000F5A4E /* SwiftCourseTests.swift in Sources */ = {isa = PBXBuildFile; fileRef = 8D9EBFDB299B5278000F5A4E /* SwiftCourseTests.swift */; };
		8D9EBFE6299B5278000F5A4E /* SwiftCourseUITests.swift in Sources */ = {isa = PBXBuildFile; fileRef = 8D9EBFE5299B5278000F5A4E /* SwiftCourseUITests.swift */; };
		8D9EBFE8299B5278000F5A4E /* SwiftCourseUITestsLaunchTests.swift in Sources */ = {isa = PBXBuildFile; fileRef = 8D9EBFE7299B5278000F5A4E /* SwiftCourseUITestsLaunchTests.swift */; };
/* End PBXBuildFile section */

/* Begin PBXContainerItemProxy section */
		8D9EBFD8299B5278000F5A4E /* PBXContainerItemProxy */ = {
			isa = PBXContainerItemProxy;
			containerPortal = 8D9EBFBF299B5277000F5A4E /* Project object */;
			proxyType = 1;
			remoteGlobalIDString = 8D9EBFC6299B5277000F5A4E;
			remoteInfo = SwiftCourse;
		};
		8D9EBFE2299B5278000F5A4E /* PBXContainerItemProxy */ = {
			isa = PBXContainerItemProxy;
			containerPortal = 8D9EBFBF299B5277000F5A4E /* Project object */;
			proxyType = 1;
			remoteGlobalIDString = 8D9EBFC6299B5277000F5A4E;
			remoteInfo = SwiftCourse;
		};
/* End PBXContainerItemProxy section */

/* Begin PBXFileReference section */
		8D9EBFC7299B5277000F5A4E /* SwiftCourse.app */ = {isa = PBXFileReference; explicitFileType = wrapper.application; includeInIndex = 0; path = SwiftCourse.app; sourceTree = BUILT_PRODUCTS_DIR; };
		8D9EBFCA299B5277000F5A4E /* SwiftCourseApp.swift */ = {isa = PBXFileReference; lastKnownFileType = sourcecode.swift; path = SwiftCourseApp.swift; sourceTree = "<group>"; };
		8D9EBFCC299B5277000F5A4E /* ContentView.swift */ = {isa = PBXFileReference; lastKnownFileType = sourcecode.swift; path = ContentView.swift; sourceTree = "<group>"; };
		8D9EBFCE299B5278000F5A4E /* Assets.xcassets */ = {isa = PBXFileReference; lastKnownFileType = folder.assetcatalog; path = Assets.xcassets; sourceTree = "<group>"; };
		8D9EBFD1299B5278000F5A4E /* Preview Assets.xcassets */ = {isa = PBXFileReference; lastKnownFileType = folder.assetcatalog; path = "Preview Assets.xcassets"; sourceTree = "<group>"; };
		8D9EBFD7299B5278000F5A4E /* SwiftCourseTests.xctest */ = {isa = PBXFileReference; explicitFileType = wrapper.cfbundle; includeInIndex = 0; path = SwiftCourseTests.xctest; sourceTree = BUILT_PRODUCTS_DIR; };
		8D9EBFDB299B5278000F5A4E /* SwiftCourseTests.swift */ = {isa = PBXFileReference; lastKnownFileType = sourcecode.swift; path = SwiftCourseTests.swift; sourceTree = "<group>"; };
		8D9EBFE1299B5278000F5A4E /* SwiftCourseUITests.xctest */ = {isa = PBXFileReference; explicitFileType = wrapper.cfbundle; includeInIndex = 0; path = SwiftCourseUITests.xctest; sourceTree = BUILT_PRODUCTS_DIR; };
		8D9EBFE5299B5278000F5A4E /* SwiftCourseUITests.swift */ = {isa = PBXFileReference; lastKnownFileType = sourcecode.swift; path = SwiftCourseUITests.swift; sourceTree = "<group>"; };
		8D9EBFE7299B5278000F5A4E /* SwiftCourseUITestsLaunchTests.swift */ = {isa = PBXFileReference; lastKnownFileType = sourcecode.swift; path = SwiftCourseUITestsLaunchTests.swift; sourceTree = "<group>"; };
		8D9EBFF4299B530D000F5A4E /* Plyaground.playground */ = {isa = PBXFileReference; lastKnownFileType = file.playground; path = Plyaground.playground; sourceTree = "<group>"; xcLanguageSpecificationIdentifier = xcode.lang.swift; };
/* End PBXFileReference section */

/* Begin PBXFrameworksBuildPhase section */
		8D9EBFC4299B5277000F5A4E /* Frameworks */ = {
			isa = PBXFrameworksBuildPhase;
			buildActionMask = 2147483647;
			files = (
			);
			runOnlyForDeploymentPostprocessing = 0;
		};
		8D9EBFD4299B5278000F5A4E /* Frameworks */ = {
			isa = PBXFrameworksBuildPhase;
			buildActionMask = 2147483647;
			files = (
			);
			runOnlyForDeploymentPostprocessing = 0;
		};
		8D9EBFDE299B5278000F5A4E /* Frameworks */ = {
			isa = PBXFrameworksBuildPhase;
			buildActionMask = 2147483647;
			files = (
			);
			runOnlyForDeploymentPostprocessing = 0;
		};
/* End PBXFrameworksBuildPhase section */

/* Begin PBXGroup section */
		8D9EBFBE299B5277000F5A4E = {
			isa = PBXGroup;
			children = (
				8D9EBFC9299B5277000F5A4E /* SwiftCourse */,
				8D9EBFDA299B5278000F5A4E /* SwiftCourseTests */,
				8D9EBFE4299B5278000F5A4E /* SwiftCourseUITests */,
				8D9EBFC8299B5277000F5A4E /* Products */,
			);
			sourceTree = "<group>";
		};
		8D9EBFC8299B5277000F5A4E /* Products */ = {
			isa = PBXGroup;
			children = (
				8D9EBFC7299B5277000F5A4E /* SwiftCourse.app */,
				8D9EBFD7299B5278000F5A4E /* SwiftCourseTests.xctest */,
				8D9EBFE1299B5278000F5A4E /* SwiftCourseUITests.xctest */,
			);
			name = Products;
			sourceTree = "<group>";
		};
		8D9EBFC9299B5277000F5A4E /* SwiftCourse */ = {
			isa = PBXGroup;
			children = (
				8D9EBFCA299B5277000F5A4E /* SwiftCourseApp.swift */,
				8D9EBFCC299B5277000F5A4E /* ContentView.swift */,
				8D9EBFCE299B5278000F5A4E /* Assets.xcassets */,
				8D9EBFD0299B5278000F5A4E /* Preview Content */,
				8D9EBFF4299B530D000F5A4E /* Plyaground.playground */,
			);
			path = SwiftCourse;
			sourceTree = "<group>";
		};
		8D9EBFD0299B5278000F5A4E /* Preview Content */ = {
			isa = PBXGroup;
			children = (
				8D9EBFD1299B5278000F5A4E /* Preview Assets.xcassets */,
			);
			path = "Preview Content";
			sourceTree = "<group>";
		};
		8D9EBFDA299B5278000F5A4E /* SwiftCourseTests */ = {
			isa = PBXGroup;
			children = (
				8D9EBFDB299B5278000F5A4E /* SwiftCourseTests.swift */,
			);
			path = SwiftCourseTests;
			sourceTree = "<group>";
		};
		8D9EBFE4299B5278000F5A4E /* SwiftCourseUITests */ = {
			isa = PBXGroup;
			children = (
				8D9EBFE5299B5278000F5A4E /* SwiftCourseUITests.swift */,
				8D9EBFE7299B5278000F5A4E /* SwiftCourseUITestsLaunchTests.swift */,
			);
			path = SwiftCourseUITests;
			sourceTree = "<group>";
		};
/* End PBXGroup section */

/* Begin PBXNativeTarget section */
		8D9EBFC6299B5277000F5A4E /* SwiftCourse */ = {
			isa = PBXNativeTarget;
			buildConfigurationList = 8D9EBFEB299B5278000F5A4E /* Build configuration list for PBXNativeTarget "SwiftCourse" */;
			buildPhases = (
				8D9EBFC3299B5277000F5A4E /* Sources */,
				8D9EBFC4299B5277000F5A4E /* Frameworks */,
				8D9EBFC5299B5277000F5A4E /* Resources */,
			);
			buildRules = (
			);
			dependencies = (
			);
			name = SwiftCourse;
			productName = SwiftCourse;
			productReference = 8D9EBFC7299B5277000F5A4E /* SwiftCourse.app */;
			productType = "com.apple.product-type.application";
		};
		8D9EBFD6299B5278000F5A4E /* SwiftCourseTests */ = {
			isa = PBXNativeTarget;
			buildConfigurationList = 8D9EBFEE299B5278000F5A4E /* Build configuration list for PBXNativeTarget "SwiftCourseTests" */;
			buildPhases = (
				8D9EBFD3299B5278000F5A4E /* Sources */,
				8D9EBFD4299B5278000F5A4E /* Frameworks */,
				8D9EBFD5299B5278000F5A4E /* Resources */,
			);
			buildRules = (
			);
			dependencies = (
				8D9EBFD9299B5278000F5A4E /* PBXTargetDependency */,
			);
			name = SwiftCourseTests;
			productName = SwiftCourseTests;
			productReference = 8D9EBFD7299B5278000F5A4E /* SwiftCourseTests.xctest */;
			productType = "com.apple.product-type.bundle.unit-test";
		};
		8D9EBFE0299B5278000F5A4E /* SwiftCourseUITests */ = {
			isa = PBXNativeTarget;
			buildConfigurationList = 8D9EBFF1299B5278000F5A4E /* Build configuration list for PBXNativeTarget "SwiftCourseUITests" */;
			buildPhases = (
				8D9EBFDD299B5278000F5A4E /* Sources */,
				8D9EBFDE299B5278000F5A4E /* Frameworks */,
				8D9EBFDF299B5278000F5A4E /* Resources */,
			);
			buildRules = (
			);
			dependencies = (
				8D9EBFE3299B5278000F5A4E /* PBXTargetDependency */,
			);
			name = SwiftCourseUITests;
			productName = SwiftCourseUITests;
			productReference = 8D9EBFE1299B5278000F5A4E /* SwiftCourseUITests.xctest */;
			productType = "com.apple.product-type.bundle.ui-testing";
		};
/* End PBXNativeTarget section */

/* Begin PBXProject section */
		8D9EBFBF299B5277000F5A4E /* Project object */ = {
			isa = PBXProject;
			attributes = {
				BuildIndependentTargetsInParallel = 1;
				LastSwiftUpdateCheck = 1420;
				LastUpgradeCheck = 1420;
				TargetAttributes = {
					8D9EBFC6299B5277000F5A4E = {
						CreatedOnToolsVersion = 14.2;
					};
					8D9EBFD6299B5278000F5A4E = {
						CreatedOnToolsVersion = 14.2;
						TestTargetID = 8D9EBFC6299B5277000F5A4E;
					};
					8D9EBFE0299B5278000F5A4E = {
						CreatedOnToolsVersion = 14.2;
						TestTargetID = 8D9EBFC6299B5277000F5A4E;
					};
				};
			};
			buildConfigurationList = 8D9EBFC2299B5277000F5A4E /* Build configuration list for PBXProject "SwiftCourse" */;
			compatibilityVersion = "Xcode 14.0";
			developmentRegion = en;
			hasScannedForEncodings = 0;
			knownRegions = (
				en,
				Base,
			);
			mainGroup = 8D9EBFBE299B5277000F5A4E;
			productRefGroup = 8D9EBFC8299B5277000F5A4E /* Products */;
			projectDirPath = "";
			projectRoot = "";
			targets = (
				8D9EBFC6299B5277000F5A4E /* SwiftCourse */,
				8D9EBFD6299B5278000F5A4E /* SwiftCourseTests */,
				8D9EBFE0299B5278000F5A4E /* SwiftCourseUITests */,
			);
		};
/* End PBXProject section */

/* Begin PBXResourcesBuildPhase section */
		8D9EBFC5299B5277000F5A4E /* Resources */ = {
			isa = PBXResourcesBuildPhase;
			buildActionMask = 2147483647;
			files = (
				8D9EBFD2299B5278000F5A4E /* Preview Assets.xcassets in Resources */,
				8D9EBFCF299B5278000F5A4E /* Assets.xcassets in Resources */,
			);
			runOnlyForDeploymentPostprocessing = 0;
		};
		8D9EBFD5299B5278000F5A4E /* Resources */ = {
			isa = PBXResourcesBuildPhase;
			buildActionMask = 2147483647;
			files = (
			);
			runOnlyForDeploymentPostprocessing = 0;
		};
		8D9EBFDF299B5278000F5A4E /* Resources */ = {
			isa = PBXResourcesBuildPhase;
			buildActionMask = 2147483647;
			files = (
			);
			runOnlyForDeploymentPostprocessing = 0;
		};
/* End PBXResourcesBuildPhase section */

/* Begin PBXSourcesBuildPhase section */
		8D9EBFC3299B5277000F5A4E /* Sources */ = {
			isa = PBXSourcesBuildPhase;
			buildActionMask = 2147483647;
			files = (
				8D9EBFCD299B5277000F5A4E /* ContentView.swift in Sources */,
				8D9EBFCB299B5277000F5A4E /* SwiftCourseApp.swift in Sources */,
			);
			runOnlyForDeploymentPostprocessing = 0;
		};
		8D9EBFD3299B5278000F5A4E /* Sources */ = {
			isa = PBXSourcesBuildPhase;
			buildActionMask = 2147483647;
			files = (
				8D9EBFDC299B5278000F5A4E /* SwiftCourseTests.swift in Sources */,
			);
			runOnlyForDeploymentPostprocessing = 0;
		};
		8D9EBFDD299B5278000F5A4E /* Sources */ = {
			isa = PBXSourcesBuildPhase;
			buildActionMask = 2147483647;
			files = (
				8D9EBFE6299B5278000F5A4E /* SwiftCourseUITests.swift in Sources */,
				8D9EBFE8299B5278000F5A4E /* SwiftCourseUITestsLaunchTests.swift in Sources */,
			);
			runOnlyForDeploymentPostprocessing = 0;
		};
/* End PBXSourcesBuildPhase section */

/* Begin PBXTargetDependency section */
		8D9EBFD9299B5278000F5A4E /* PBXTargetDependency */ = {
			isa = PBXTargetDependency;
			target = 8D9EBFC6299B5277000F5A4E /* SwiftCourse */;
			targetProxy = 8D9EBFD8299B5278000F5A4E /* PBXContainerItemProxy */;
		};
		8D9EBFE3299B5278000F5A4E /* PBXTargetDependency */ = {
			isa = PBXTargetDependency;
			target = 8D9EBFC6299B5277000F5A4E /* SwiftCourse */;
			targetProxy = 8D9EBFE2299B5278000F5A4E /* PBXContainerItemProxy */;
		};
/* End PBXTargetDependency section */

/* Begin XCBuildConfiguration section */
		8D9EBFE9299B5278000F5A4E /* Debug */ = {
			isa = XCBuildConfiguration;
			buildSettings = {
				ALWAYS_SEARCH_USER_PATHS = NO;
				CLANG_ANALYZER_NONNULL = YES;
				CLANG_ANALYZER_NUMBER_OBJECT_CONVERSION = YES_AGGRESSIVE;
				CLANG_CXX_LANGUAGE_STANDARD = "gnu++20";
				CLANG_ENABLE_MODULES = YES;
				CLANG_ENABLE_OBJC_ARC = YES;
				CLANG_ENABLE_OBJC_WEAK = YES;
				CLANG_WARN_BLOCK_CAPTURE_AUTORELEASING = YES;
				CLANG_WARN_BOOL_CONVERSION = YES;
				CLANG_WARN_COMMA = YES;
				CLANG_WARN_CONSTANT_CONVERSION = YES;
				CLANG_WARN_DEPRECATED_OBJC_IMPLEMENTATIONS = YES;
				CLANG_WARN_DIRECT_OBJC_ISA_USAGE = YES_ERROR;
				CLANG_WARN_DOCUMENTATION_COMMENTS = YES;
				CLANG_WARN_EMPTY_BODY = YES;
				CLANG_WARN_ENUM_CONVERSION = YES;
				CLANG_WARN_INFINITE_RECURSION = YES;
				CLANG_WARN_INT_CONVERSION = YES;
				CLANG_WARN_NON_LITERAL_NULL_CONVERSION = YES;
				CLANG_WARN_OBJC_IMPLICIT_RETAIN_SELF = YES;
				CLANG_WARN_OBJC_LITERAL_CONVERSION = YES;
				CLANG_WARN_OBJC_ROOT_CLASS = YES_ERROR;
				CLANG_WARN_QUOTED_INCLUDE_IN_FRAMEWORK_HEADER = YES;
				CLANG_WARN_RANGE_LOOP_ANALYSIS = YES;
				CLANG_WARN_STRICT_PROTOTYPES = YES;
				CLANG_WARN_SUSPICIOUS_MOVE = YES;
				CLANG_WARN_UNGUARDED_AVAILABILITY = YES_AGGRESSIVE;
				CLANG_WARN_UNREACHABLE_CODE = YES;
				CLANG_WARN__DUPLICATE_METHOD_MATCH = YES;
				COPY_PHASE_STRIP = NO;
				DEBUG_INFORMATION_FORMAT = dwarf;
				ENABLE_STRICT_OBJC_MSGSEND = YES;
				ENABLE_TESTABILITY = YES;
				GCC_C_LANGUAGE_STANDARD = gnu11;
				GCC_DYNAMIC_NO_PIC = NO;
				GCC_NO_COMMON_BLOCKS = YES;
				GCC_OPTIMIZATION_LEVEL = 0;
				GCC_PREPROCESSOR_DEFINITIONS = (
					"DEBUG=1",
					"$(inherited)",
				);
				GCC_WARN_64_TO_32_BIT_CONVERSION = YES;
				GCC_WARN_ABOUT_RETURN_TYPE = YES_ERROR;
				GCC_WARN_UNDECLARED_SELECTOR = YES;
				GCC_WARN_UNINITIALIZED_AUTOS = YES_AGGRESSIVE;
				GCC_WARN_UNUSED_FUNCTION = YES;
				GCC_WARN_UNUSED_VARIABLE = YES;
				IPHONEOS_DEPLOYMENT_TARGET = 16.2;
				MTL_ENABLE_DEBUG_INFO = INCLUDE_SOURCE;
				MTL_FAST_MATH = YES;
				ONLY_ACTIVE_ARCH = YES;
				SDKROOT = iphoneos;
				SWIFT_ACTIVE_COMPILATION_CONDITIONS = DEBUG;
				SWIFT_OPTIMIZATION_LEVEL = "-Onone";
			};
			name = Debug;
		};
		8D9EBFEA299B5278000F5A4E /* Release */ = {
			isa = XCBuildConfiguration;
			buildSettings = {
				ALWAYS_SEARCH_USER_PATHS = NO;
				CLANG_ANALYZER_NONNULL = YES;
				CLANG_ANALYZER_NUMBER_OBJECT_CONVERSION = YES_AGGRESSIVE;
				CLANG_CXX_LANGUAGE_STANDARD = "gnu++20";
				CLANG_ENABLE_MODULES = YES;
				CLANG_ENABLE_OBJC_ARC = YES;
				CLANG_ENABLE_OBJC_WEAK = YES;
				CLANG_WARN_BLOCK_CAPTURE_AUTORELEASING = YES;
				CLANG_WARN_BOOL_CONVERSION = YES;
				CLANG_WARN_COMMA = YES;
				CLANG_WARN_CONSTANT_CONVERSION = YES;
				CLANG_WARN_DEPRECATED_OBJC_IMPLEMENTATIONS = YES;
				CLANG_WARN_DIRECT_OBJC_ISA_USAGE = YES_ERROR;
				CLANG_WARN_DOCUMENTATION_COMMENTS = YES;
				CLANG_WARN_EMPTY_BODY = YES;
				CLANG_WARN_ENUM_CONVERSION = YES;
				CLANG_WARN_INFINITE_RECURSION = YES;
				CLANG_WARN_INT_CONVERSION = YES;
				CLANG_WARN_NON_LITERAL_NULL_CONVERSION = YES;
				CLANG_WARN_OBJC_IMPLICIT_RETAIN_SELF = YES;
				CLANG_WARN_OBJC_LITERAL_CONVERSION = YES;
				CLANG_WARN_OBJC_ROOT_CLASS = YES_ERROR;
				CLANG_WARN_QUOTED_INCLUDE_IN_FRAMEWORK_HEADER = YES;
				CLANG_WARN_RANGE_LOOP_ANALYSIS = YES;
				CLANG_WARN_STRICT_PROTOTYPES = YES;
				CLANG_WARN_SUSPICIOUS_MOVE = YES;
				CLANG_WARN_UNGUARDED_AVAILABILITY = YES_AGGRESSIVE;
				CLANG_WARN_UNREACHABLE_CODE = YES;
				CLANG_WARN__DUPLICATE_METHOD_MATCH = YES;
				COPY_PHASE_STRIP = NO;
				DEBUG_INFORMATION_FORMAT = "dwarf-with-dsym";
				ENABLE_NS_ASSERTIONS = NO;
				ENABLE_STRICT_OBJC_MSGSEND = YES;
				GCC_C_LANGUAGE_STANDARD = gnu11;
				GCC_NO_COMMON_BLOCKS = YES;
				GCC_WARN_64_TO_32_BIT_CONVERSION = YES;
				GCC_WARN_ABOUT_RETURN_TYPE = YES_ERROR;
				GCC_WARN_UNDECLARED_SELECTOR = YES;
				GCC_WARN_UNINITIALIZED_AUTOS = YES_AGGRESSIVE;
				GCC_WARN_UNUSED_FUNCTION = YES;
				GCC_WARN_UNUSED_VARIABLE = YES;
				IPHONEOS_DEPLOYMENT_TARGET = 16.2;
				MTL_ENABLE_DEBUG_INFO = NO;
				MTL_FAST_MATH = YES;
				SDKROOT = iphoneos;
				SWIFT_COMPILATION_MODE = wholemodule;
				SWIFT_OPTIMIZATION_LEVEL = "-O";
				VALIDATE_PRODUCT = YES;
			};
			name = Release;
		};
		8D9EBFEC299B5278000F5A4E /* Debug */ = {
			isa = XCBuildConfiguration;
			buildSettings = {
				ASSETCATALOG_COMPILER_APPICON_NAME = AppIcon;
				ASSETCATALOG_COMPILER_GLOBAL_ACCENT_COLOR_NAME = AccentColor;
				CODE_SIGN_STYLE = Automatic;
				CURRENT_PROJECT_VERSION = 1;
				DEVELOPMENT_ASSET_PATHS = "\"SwiftCourse/Preview Content\"";
				ENABLE_PREVIEWS = YES;
				GENERATE_INFOPLIST_FILE = YES;
				INFOPLIST_KEY_UIApplicationSceneManifest_Generation = YES;
				INFOPLIST_KEY_UIApplicationSupportsIndirectInputEvents = YES;
				INFOPLIST_KEY_UILaunchScreen_Generation = YES;
				INFOPLIST_KEY_UISupportedInterfaceOrientations_iPad = "UIInterfaceOrientationPortrait UIInterfaceOrientationPortraitUpsideDown UIInterfaceOrientationLandscapeLeft UIInterfaceOrientationLandscapeRight";
				INFOPLIST_KEY_UISupportedInterfaceOrientations_iPhone = "UIInterfaceOrientationPortrait UIInterfaceOrientationLandscapeLeft UIInterfaceOrientationLandscapeRight";
				LD_RUNPATH_SEARCH_PATHS = (
					"$(inherited)",
					"@executable_path/Frameworks",
				);
				MARKETING_VERSION = 1.0;
				PRODUCT_BUNDLE_IDENTIFIER = "Ricardo-Leyva-Gonzalez.SwiftCourse";
				PRODUCT_NAME = "$(TARGET_NAME)";
				SWIFT_EMIT_LOC_STRINGS = YES;
				SWIFT_VERSION = 5.0;
				TARGETED_DEVICE_FAMILY = "1,2";
			};
			name = Debug;
		};
		8D9EBFED299B5278000F5A4E /* Release */ = {
			isa = XCBuildConfiguration;
			buildSettings = {
				ASSETCATALOG_COMPILER_APPICON_NAME = AppIcon;
				ASSETCATALOG_COMPILER_GLOBAL_ACCENT_COLOR_NAME = AccentColor;
				CODE_SIGN_STYLE = Automatic;
				CURRENT_PROJECT_VERSION = 1;
				DEVELOPMENT_ASSET_PATHS = "\"SwiftCourse/Preview Content\"";
				ENABLE_PREVIEWS = YES;
				GENERATE_INFOPLIST_FILE = YES;
				INFOPLIST_KEY_UIApplicationSceneManifest_Generation = YES;
				INFOPLIST_KEY_UIApplicationSupportsIndirectInputEvents = YES;
				INFOPLIST_KEY_UILaunchScreen_Generation = YES;
				INFOPLIST_KEY_UISupportedInterfaceOrientations_iPad = "UIInterfaceOrientationPortrait UIInterfaceOrientationPortraitUpsideDown UIInterfaceOrientationLandscapeLeft UIInterfaceOrientationLandscapeRight";
				INFOPLIST_KEY_UISupportedInterfaceOrientations_iPhone = "UIInterfaceOrientationPortrait UIInterfaceOrientationLandscapeLeft UIInterfaceOrientationLandscapeRight";
				LD_RUNPATH_SEARCH_PATHS = (
					"$(inherited)",
					"@executable_path/Frameworks",
				);
				MARKETING_VERSION = 1.0;
				PRODUCT_BUNDLE_IDENTIFIER = "Ricardo-Leyva-Gonzalez.SwiftCourse";
				PRODUCT_NAME = "$(TARGET_NAME)";
				SWIFT_EMIT_LOC_STRINGS = YES;
				SWIFT_VERSION = 5.0;
				TARGETED_DEVICE_FAMILY = "1,2";
			};
			name = Release;
		};
		8D9EBFEF299B5278000F5A4E /* Debug */ = {
			isa = XCBuildConfiguration;
			buildSettings = {
				ALWAYS_EMBED_SWIFT_STANDARD_LIBRARIES = YES;
				BUNDLE_LOADER = "$(TEST_HOST)";
				CODE_SIGN_STYLE = Automatic;
				CURRENT_PROJECT_VERSION = 1;
				GENERATE_INFOPLIST_FILE = YES;
				IPHONEOS_DEPLOYMENT_TARGET = 16.2;
				MARKETING_VERSION = 1.0;
				PRODUCT_BUNDLE_IDENTIFIER = "Ricardo-Leyva-Gonzalez.SwiftCourseTests";
				PRODUCT_NAME = "$(TARGET_NAME)";
				SWIFT_EMIT_LOC_STRINGS = NO;
				SWIFT_VERSION = 5.0;
				TARGETED_DEVICE_FAMILY = "1,2";
				TEST_HOST = "$(BUILT_PRODUCTS_DIR)/SwiftCourse.app/$(BUNDLE_EXECUTABLE_FOLDER_PATH)/SwiftCourse";
			};
			name = Debug;
		};
		8D9EBFF0299B5278000F5A4E /* Release */ = {
			isa = XCBuildConfiguration;
			buildSettings = {
				ALWAYS_EMBED_SWIFT_STANDARD_LIBRARIES = YES;
				BUNDLE_LOADER = "$(TEST_HOST)";
				CODE_SIGN_STYLE = Automatic;
				CURRENT_PROJECT_VERSION = 1;
				GENERATE_INFOPLIST_FILE = YES;
				IPHONEOS_DEPLOYMENT_TARGET = 16.2;
				MARKETING_VERSION = 1.0;
				PRODUCT_BUNDLE_IDENTIFIER = "Ricardo-Leyva-Gonzalez.SwiftCourseTests";
				PRODUCT_NAME = "$(TARGET_NAME)";
				SWIFT_EMIT_LOC_STRINGS = NO;
				SWIFT_VERSION = 5.0;
				TARGETED_DEVICE_FAMILY = "1,2";
				TEST_HOST = "$(BUILT_PRODUCTS_DIR)/SwiftCourse.app/$(BUNDLE_EXECUTABLE_FOLDER_PATH)/SwiftCourse";
			};
			name = Release;
		};
		8D9EBFF2299B5278000F5A4E /* Debug */ = {
			isa = XCBuildConfiguration;
			buildSettings = {
				ALWAYS_EMBED_SWIFT_STANDARD_LIBRARIES = YES;
				CODE_SIGN_STYLE = Automatic;
				CURRENT_PROJECT_VERSION = 1;
				GENERATE_INFOPLIST_FILE = YES;
				MARKETING_VERSION = 1.0;
				PRODUCT_BUNDLE_IDENTIFIER = "Ricardo-Leyva-Gonzalez.SwiftCourseUITests";
				PRODUCT_NAME = "$(TARGET_NAME)";
				SWIFT_EMIT_LOC_STRINGS = NO;
				SWIFT_VERSION = 5.0;
				TARGETED_DEVICE_FAMILY = "1,2";
				TEST_TARGET_NAME = SwiftCourse;
			};
			name = Debug;
		};
		8D9EBFF3299B5278000F5A4E /* Release */ = {
			isa = XCBuildConfiguration;
			buildSettings = {
				ALWAYS_EMBED_SWIFT_STANDARD_LIBRARIES = YES;
				CODE_SIGN_STYLE = Automatic;
				CURRENT_PROJECT_VERSION = 1;
				GENERATE_INFOPLIST_FILE = YES;
				MARKETING_VERSION = 1.0;
				PRODUCT_BUNDLE_IDENTIFIER = "Ricardo-Leyva-Gonzalez.SwiftCourseUITests";
				PRODUCT_NAME = "$(TARGET_NAME)";
				SWIFT_EMIT_LOC_STRINGS = NO;
				SWIFT_VERSION = 5.0;
				TARGETED_DEVICE_FAMILY = "1,2";
				TEST_TARGET_NAME = SwiftCourse;
			};
			name = Release;
		};
/* End XCBuildConfiguration section */

/* Begin XCConfigurationList section */
		8D9EBFC2299B5277000F5A4E /* Build configuration list for PBXProject "SwiftCourse" */ = {
			isa = XCConfigurationList;
			buildConfigurations = (
				8D9EBFE9299B5278000F5A4E /* Debug */,
				8D9EBFEA299B5278000F5A4E /* Release */,
			);
			defaultConfigurationIsVisible = 0;
			defaultConfigurationName = Release;
		};
		8D9EBFEB299B5278000F5A4E /* Build configuration list for PBXNativeTarget "SwiftCourse" */ = {
			isa = XCConfigurationList;
			buildConfigurations = (
				8D9EBFEC299B5278000F5A4E /* Debug */,
				8D9EBFED299B5278000F5A4E /* Release */,
			);
			defaultConfigurationIsVisible = 0;
			defaultConfigurationName = Release;
		};
		8D9EBFEE299B5278000F5A4E /* Build configuration list for PBXNativeTarget "SwiftCourseTests" */ = {
			isa = XCConfigurationList;
			buildConfigurations = (
				8D9EBFEF299B5278000F5A4E /* Debug */,
				8D9EBFF0299B5278000F5A4E /* Release */,
			);
			defaultConfigurationIsVisible = 0;
			defaultConfigurationName = Release;
		};
		8D9EBFF1299B5278000F5A4E /* Build configuration list for PBXNativeTarget "SwiftCourseUITests" */ = {
			isa = XCConfigurationList;
			buildConfigurations = (
				8D9EBFF2299B5278000F5A4E /* Debug */,
				8D9EBFF3299B5278000F5A4E /* Release */,
			);
			defaultConfigurationIsVisible = 0;
			defaultConfigurationName = Release;
		};
/* End XCConfigurationList section */
	};
	rootObject = 8D9EBFBF299B5277000F5A4E /* Project object */;
}
